{
  "version": 4,
  "terraform_version": "1.5.7",
  "serial": 578,
  "lineage": "5311cc46-8a61-e9fc-8489-810b698057ee",
  "outputs": {
    "LB-EndPoint": {
      "value": "liorm-TF-211847859.us-east-1.elb.amazonaws.com",
      "type": "string"
    },
    "public_ips-1a": {
      "value": [
        "54.89.74.138",
        "3.83.172.226"
      ],
      "type": [
        "tuple",
        [
          "string",
          "string"
        ]
      ]
    },
    "public_ips-1b": {
      "value": [
        "3.87.252.131",
        "54.83.116.201"
      ],
      "type": [
        "tuple",
        [
          "string",
          "string"
        ]
      ]
    }
  },
  "resources": [
    {
      "module": "module.compute",
      "mode": "managed",
      "type": "aws_instance",
      "name": "liorm-EC2-1a",
      "provider": "provider[\"registry.terraform.io/hashicorp/aws\"]",
      "instances": [
        {
          "index_key": 0,
          "schema_version": 1,
          "attributes": {
            "ami": "ami-053b0d53c279acc90",
            "arn": "arn:aws:ec2:us-east-1:644435390668:instance/i-0a87abc50ff287829",
            "associate_public_ip_address": true,
            "availability_zone": "us-east-1a",
            "capacity_reservation_specification": [
              {
                "capacity_reservation_preference": "open",
                "capacity_reservation_target": []
              }
            ],
            "cpu_core_count": 1,
            "cpu_options": [
              {
                "amd_sev_snp": "",
                "core_count": 1,
                "threads_per_core": 2
              }
            ],
            "cpu_threads_per_core": 2,
            "credit_specification": [
              {
                "cpu_credits": "unlimited"
              }
            ],
            "disable_api_stop": false,
            "disable_api_termination": false,
            "ebs_block_device": [],
            "ebs_optimized": false,
            "enclave_options": [
              {
                "enabled": false
              }
            ],
            "ephemeral_block_device": [],
            "get_password_data": false,
            "hibernation": false,
            "host_id": "",
            "host_resource_group_arn": null,
            "iam_instance_profile": "",
            "id": "i-0a87abc50ff287829",
            "instance_initiated_shutdown_behavior": "stop",
            "instance_lifecycle": "",
            "instance_market_options": [],
            "instance_state": "running",
            "instance_type": "t3.micro",
            "ipv6_address_count": 0,
            "ipv6_addresses": [],
            "key_name": "liorm-tf-key_rsa",
            "launch_template": [],
            "maintenance_options": [
              {
                "auto_recovery": "default"
              }
            ],
            "metadata_options": [
              {
                "http_endpoint": "enabled",
                "http_protocol_ipv6": "disabled",
                "http_put_response_hop_limit": 1,
                "http_tokens": "optional",
                "instance_metadata_tags": "disabled"
              }
            ],
            "monitoring": false,
            "network_interface": [],
            "outpost_arn": "",
            "password_data": "",
            "placement_group": "",
            "placement_partition_number": 0,
            "primary_network_interface_id": "eni-07b4279187c2092eb",
            "private_dns": "ip-10-0-1-119.ec2.internal",
            "private_dns_name_options": [
              {
                "enable_resource_name_dns_a_record": false,
                "enable_resource_name_dns_aaaa_record": false,
                "hostname_type": "ip-name"
              }
            ],
            "private_ip": "10.0.1.119",
            "public_dns": "",
            "public_ip": "54.89.74.138",
            "root_block_device": [
              {
                "delete_on_termination": true,
                "device_name": "/dev/sda1",
                "encrypted": false,
                "iops": 100,
                "kms_key_id": "",
                "tags": {
                  "AutoTag_CreateTime": "2023-09-20T07:18:40Z",
                  "AutoTag_Creator": "liorm"
                },
                "throughput": 0,
                "volume_id": "vol-01bf16de4fbe725d7",
                "volume_size": 8,
                "volume_type": "gp2"
              }
            ],
            "secondary_private_ips": [],
            "security_groups": [],
            "source_dest_check": true,
            "spot_instance_request_id": "",
            "subnet_id": "subnet-0a029b62be98c452a",
            "tags": {
              "AutoTag_CreateTime": "2023-09-20T07:18:40Z",
              "AutoTag_Creator": "liorm",
              "Name": "project-DIR-liorm"
            },
            "tags_all": {
              "AutoTag_CreateTime": "2023-09-20T07:18:40Z",
              "AutoTag_Creator": "liorm",
              "Name": "project-DIR-liorm",
              "Owner": "liorm",
              "bootcamp": "19",
              "expiration_date": "01-01-2025"
            },
            "tenancy": "default",
            "timeouts": null,
            "user_data": "b1f43a4bdfc909826a35b92df6dc5073d144f17b",
            "user_data_base64": null,
            "user_data_replace_on_change": false,
            "volume_tags": null,
            "vpc_security_group_ids": [
              "sg-0f563b25374fdabc0"
            ]
          },
          "sensitive_attributes": [],
          "private": "eyJlMmJmYjczMC1lY2FhLTExZTYtOGY4OC0zNDM2M2JjN2M0YzAiOnsiY3JlYXRlIjo2MDAwMDAwMDAwMDAsImRlbGV0ZSI6MTIwMDAwMDAwMDAwMCwidXBkYXRlIjo2MDAwMDAwMDAwMDB9LCJzY2hlbWFfdmVyc2lvbiI6IjEifQ==",
          "dependencies": [
            "module.compute.aws_key_pair.liorm-tf-key_rsa",
            "module.network.aws_security_group.liorm-TF-SG",
            "module.network.aws_subnet.liorm-us-east-1a",
            "module.network.aws_vpc.liorm-TF"
          ]
        },
        {
          "index_key": 1,
          "schema_version": 1,
          "attributes": {
            "ami": "ami-053b0d53c279acc90",
            "arn": "arn:aws:ec2:us-east-1:644435390668:instance/i-0040a90aed3d011da",
            "associate_public_ip_address": true,
            "availability_zone": "us-east-1a",
            "capacity_reservation_specification": [
              {
                "capacity_reservation_preference": "open",
                "capacity_reservation_target": []
              }
            ],
            "cpu_core_count": 1,
            "cpu_options": [
              {
                "amd_sev_snp": "",
                "core_count": 1,
                "threads_per_core": 2
              }
            ],
            "cpu_threads_per_core": 2,
            "credit_specification": [
              {
                "cpu_credits": "unlimited"
              }
            ],
            "disable_api_stop": false,
            "disable_api_termination": false,
            "ebs_block_device": [],
            "ebs_optimized": false,
            "enclave_options": [
              {
                "enabled": false
              }
            ],
            "ephemeral_block_device": [],
            "get_password_data": false,
            "hibernation": false,
            "host_id": "",
            "host_resource_group_arn": null,
            "iam_instance_profile": "",
            "id": "i-0040a90aed3d011da",
            "instance_initiated_shutdown_behavior": "stop",
            "instance_lifecycle": "",
            "instance_market_options": [],
            "instance_state": "running",
            "instance_type": "t3.micro",
            "ipv6_address_count": 0,
            "ipv6_addresses": [],
            "key_name": "liorm-tf-key_rsa",
            "launch_template": [],
            "maintenance_options": [
              {
                "auto_recovery": "default"
              }
            ],
            "metadata_options": [
              {
                "http_endpoint": "enabled",
                "http_protocol_ipv6": "disabled",
                "http_put_response_hop_limit": 1,
                "http_tokens": "optional",
                "instance_metadata_tags": "disabled"
              }
            ],
            "monitoring": false,
            "network_interface": [],
            "outpost_arn": "",
            "password_data": "",
            "placement_group": "",
            "placement_partition_number": 0,
            "primary_network_interface_id": "eni-03210ed8276d3e0c8",
            "private_dns": "ip-10-0-1-19.ec2.internal",
            "private_dns_name_options": [
              {
                "enable_resource_name_dns_a_record": false,
                "enable_resource_name_dns_aaaa_record": false,
                "hostname_type": "ip-name"
              }
            ],
            "private_ip": "10.0.1.19",
            "public_dns": "",
            "public_ip": "3.83.172.226",
            "root_block_device": [
              {
                "delete_on_termination": true,
                "device_name": "/dev/sda1",
                "encrypted": false,
                "iops": 100,
                "kms_key_id": "",
                "tags": {
                  "AutoTag_CreateTime": "2023-09-20T07:18:40Z",
                  "AutoTag_Creator": "liorm"
                },
                "throughput": 0,
                "volume_id": "vol-04b541438d2ead9af",
                "volume_size": 8,
                "volume_type": "gp2"
              }
            ],
            "secondary_private_ips": [],
            "security_groups": [],
            "source_dest_check": true,
            "spot_instance_request_id": "",
            "subnet_id": "subnet-0a029b62be98c452a",
            "tags": {
              "AutoTag_CreateTime": "2023-09-20T07:18:40Z",
              "AutoTag_Creator": "liorm",
              "Name": "project-DIR-liorm"
            },
            "tags_all": {
              "AutoTag_CreateTime": "2023-09-20T07:18:40Z",
              "AutoTag_Creator": "liorm",
              "Name": "project-DIR-liorm",
              "Owner": "liorm",
              "bootcamp": "19",
              "expiration_date": "01-01-2025"
            },
            "tenancy": "default",
            "timeouts": null,
            "user_data": "b1f43a4bdfc909826a35b92df6dc5073d144f17b",
            "user_data_base64": null,
            "user_data_replace_on_change": false,
            "volume_tags": null,
            "vpc_security_group_ids": [
              "sg-0f563b25374fdabc0"
            ]
          },
          "sensitive_attributes": [],
          "private": "eyJlMmJmYjczMC1lY2FhLTExZTYtOGY4OC0zNDM2M2JjN2M0YzAiOnsiY3JlYXRlIjo2MDAwMDAwMDAwMDAsImRlbGV0ZSI6MTIwMDAwMDAwMDAwMCwidXBkYXRlIjo2MDAwMDAwMDAwMDB9LCJzY2hlbWFfdmVyc2lvbiI6IjEifQ==",
          "dependencies": [
            "module.compute.aws_key_pair.liorm-tf-key_rsa",
            "module.network.aws_security_group.liorm-TF-SG",
            "module.network.aws_subnet.liorm-us-east-1a",
            "module.network.aws_vpc.liorm-TF"
          ]
        }
      ]
    },
    {
      "module": "module.compute",
      "mode": "managed",
      "type": "aws_instance",
      "name": "liorm-EC2-1b",
      "provider": "provider[\"registry.terraform.io/hashicorp/aws\"]",
      "instances": [
        {
          "index_key": 0,
          "schema_version": 1,
          "attributes": {
            "ami": "ami-053b0d53c279acc90",
            "arn": "arn:aws:ec2:us-east-1:644435390668:instance/i-0a4e33c618c6ccb3e",
            "associate_public_ip_address": true,
            "availability_zone": "us-east-1b",
            "capacity_reservation_specification": [
              {
                "capacity_reservation_preference": "open",
                "capacity_reservation_target": []
              }
            ],
            "cpu_core_count": 1,
            "cpu_options": [
              {
                "amd_sev_snp": "",
                "core_count": 1,
                "threads_per_core": 2
              }
            ],
            "cpu_threads_per_core": 2,
            "credit_specification": [
              {
                "cpu_credits": "unlimited"
              }
            ],
            "disable_api_stop": false,
            "disable_api_termination": false,
            "ebs_block_device": [],
            "ebs_optimized": false,
            "enclave_options": [
              {
                "enabled": false
              }
            ],
            "ephemeral_block_device": [],
            "get_password_data": false,
            "hibernation": false,
            "host_id": "",
            "host_resource_group_arn": null,
            "iam_instance_profile": "",
            "id": "i-0a4e33c618c6ccb3e",
            "instance_initiated_shutdown_behavior": "stop",
            "instance_lifecycle": "",
            "instance_market_options": [],
            "instance_state": "running",
            "instance_type": "t3.micro",
            "ipv6_address_count": 0,
            "ipv6_addresses": [],
            "key_name": "liorm-tf-key_rsa",
            "launch_template": [],
            "maintenance_options": [
              {
                "auto_recovery": "default"
              }
            ],
            "metadata_options": [
              {
                "http_endpoint": "enabled",
                "http_protocol_ipv6": "disabled",
                "http_put_response_hop_limit": 1,
                "http_tokens": "optional",
                "instance_metadata_tags": "disabled"
              }
            ],
            "monitoring": false,
            "network_interface": [],
            "outpost_arn": "",
            "password_data": "",
            "placement_group": "",
            "placement_partition_number": 0,
            "primary_network_interface_id": "eni-0b8ec132cea3f2013",
            "private_dns": "ip-10-0-2-66.ec2.internal",
            "private_dns_name_options": [
              {
                "enable_resource_name_dns_a_record": false,
                "enable_resource_name_dns_aaaa_record": false,
                "hostname_type": "ip-name"
              }
            ],
            "private_ip": "10.0.2.66",
            "public_dns": "",
            "public_ip": "3.87.252.131",
            "root_block_device": [
              {
                "delete_on_termination": true,
                "device_name": "/dev/sda1",
                "encrypted": false,
                "iops": 100,
                "kms_key_id": "",
                "tags": {
                  "AutoTag_CreateTime": "2023-09-20T07:18:40Z",
                  "AutoTag_Creator": "liorm"
                },
                "throughput": 0,
                "volume_id": "vol-0d48cc7841ffa4873",
                "volume_size": 8,
                "volume_type": "gp2"
              }
            ],
            "secondary_private_ips": [],
            "security_groups": [],
            "source_dest_check": true,
            "spot_instance_request_id": "",
            "subnet_id": "subnet-057c8aa3e1e2050ce",
            "tags": {
              "AutoTag_CreateTime": "2023-09-20T07:18:40Z",
              "AutoTag_Creator": "liorm",
              "Name": "project-DIR-liorm"
            },
            "tags_all": {
              "AutoTag_CreateTime": "2023-09-20T07:18:40Z",
              "AutoTag_Creator": "liorm",
              "Name": "project-DIR-liorm",
              "Owner": "liorm",
              "bootcamp": "19",
              "expiration_date": "01-01-2025"
            },
            "tenancy": "default",
            "timeouts": null,
            "user_data": "b1f43a4bdfc909826a35b92df6dc5073d144f17b",
            "user_data_base64": null,
            "user_data_replace_on_change": false,
            "volume_tags": null,
            "vpc_security_group_ids": [
              "sg-0f563b25374fdabc0"
            ]
          },
          "sensitive_attributes": [],
          "private": "eyJlMmJmYjczMC1lY2FhLTExZTYtOGY4OC0zNDM2M2JjN2M0YzAiOnsiY3JlYXRlIjo2MDAwMDAwMDAwMDAsImRlbGV0ZSI6MTIwMDAwMDAwMDAwMCwidXBkYXRlIjo2MDAwMDAwMDAwMDB9LCJzY2hlbWFfdmVyc2lvbiI6IjEifQ==",
          "dependencies": [
            "module.compute.aws_key_pair.liorm-tf-key_rsa",
            "module.network.aws_security_group.liorm-TF-SG",
            "module.network.aws_subnet.liorm-us-east-1b",
            "module.network.aws_vpc.liorm-TF"
          ]
        },
        {
          "index_key": 1,
          "schema_version": 1,
          "attributes": {
            "ami": "ami-053b0d53c279acc90",
            "arn": "arn:aws:ec2:us-east-1:644435390668:instance/i-07c11668d3a88e80b",
            "associate_public_ip_address": true,
            "availability_zone": "us-east-1b",
            "capacity_reservation_specification": [
              {
                "capacity_reservation_preference": "open",
                "capacity_reservation_target": []
              }
            ],
            "cpu_core_count": 1,
            "cpu_options": [
              {
                "amd_sev_snp": "",
                "core_count": 1,
                "threads_per_core": 2
              }
            ],
            "cpu_threads_per_core": 2,
            "credit_specification": [
              {
                "cpu_credits": "unlimited"
              }
            ],
            "disable_api_stop": false,
            "disable_api_termination": false,
            "ebs_block_device": [],
            "ebs_optimized": false,
            "enclave_options": [
              {
                "enabled": false
              }
            ],
            "ephemeral_block_device": [],
            "get_password_data": false,
            "hibernation": false,
            "host_id": "",
            "host_resource_group_arn": null,
            "iam_instance_profile": "",
            "id": "i-07c11668d3a88e80b",
            "instance_initiated_shutdown_behavior": "stop",
            "instance_lifecycle": "",
            "instance_market_options": [],
            "instance_state": "running",
            "instance_type": "t3.micro",
            "ipv6_address_count": 0,
            "ipv6_addresses": [],
            "key_name": "liorm-tf-key_rsa",
            "launch_template": [],
            "maintenance_options": [
              {
                "auto_recovery": "default"
              }
            ],
            "metadata_options": [
              {
                "http_endpoint": "enabled",
                "http_protocol_ipv6": "disabled",
                "http_put_response_hop_limit": 1,
                "http_tokens": "optional",
                "instance_metadata_tags": "disabled"
              }
            ],
            "monitoring": false,
            "network_interface": [],
            "outpost_arn": "",
            "password_data": "",
            "placement_group": "",
            "placement_partition_number": 0,
            "primary_network_interface_id": "eni-075d7fa6785bb5132",
            "private_dns": "ip-10-0-2-238.ec2.internal",
            "private_dns_name_options": [
              {
                "enable_resource_name_dns_a_record": false,
                "enable_resource_name_dns_aaaa_record": false,
                "hostname_type": "ip-name"
              }
            ],
            "private_ip": "10.0.2.238",
            "public_dns": "",
            "public_ip": "54.83.116.201",
            "root_block_device": [
              {
                "delete_on_termination": true,
                "device_name": "/dev/sda1",
                "encrypted": false,
                "iops": 100,
                "kms_key_id": "",
                "tags": {
                  "AutoTag_CreateTime": "2023-09-20T07:18:40Z",
                  "AutoTag_Creator": "liorm"
                },
                "throughput": 0,
                "volume_id": "vol-0df5e81d005d202e6",
                "volume_size": 8,
                "volume_type": "gp2"
              }
            ],
            "secondary_private_ips": [],
            "security_groups": [],
            "source_dest_check": true,
            "spot_instance_request_id": "",
            "subnet_id": "subnet-057c8aa3e1e2050ce",
            "tags": {
              "AutoTag_CreateTime": "2023-09-20T07:18:40Z",
              "AutoTag_Creator": "liorm",
              "Name": "project-DIR-liorm"
            },
            "tags_all": {
              "AutoTag_CreateTime": "2023-09-20T07:18:40Z",
              "AutoTag_Creator": "liorm",
              "Name": "project-DIR-liorm",
              "Owner": "liorm",
              "bootcamp": "19",
              "expiration_date": "01-01-2025"
            },
            "tenancy": "default",
            "timeouts": null,
            "user_data": "b1f43a4bdfc909826a35b92df6dc5073d144f17b",
            "user_data_base64": null,
            "user_data_replace_on_change": false,
            "volume_tags": null,
            "vpc_security_group_ids": [
              "sg-0f563b25374fdabc0"
            ]
          },
          "sensitive_attributes": [],
          "private": "eyJlMmJmYjczMC1lY2FhLTExZTYtOGY4OC0zNDM2M2JjN2M0YzAiOnsiY3JlYXRlIjo2MDAwMDAwMDAwMDAsImRlbGV0ZSI6MTIwMDAwMDAwMDAwMCwidXBkYXRlIjo2MDAwMDAwMDAwMDB9LCJzY2hlbWFfdmVyc2lvbiI6IjEifQ==",
          "dependencies": [
            "module.compute.aws_key_pair.liorm-tf-key_rsa",
            "module.network.aws_security_group.liorm-TF-SG",
            "module.network.aws_subnet.liorm-us-east-1b",
            "module.network.aws_vpc.liorm-TF"
          ]
        }
      ]
    },
    {
      "module": "module.compute",
      "mode": "managed",
      "type": "aws_key_pair",
      "name": "liorm-tf-key_rsa",
      "provider": "provider[\"registry.terraform.io/hashicorp/aws\"]",
      "instances": [
        {
          "schema_version": 1,
          "attributes": {
            "arn": "arn:aws:ec2:us-east-1:644435390668:key-pair/liorm-tf-key_rsa",
            "fingerprint": "7b:a0:d4:fc:5f:60:6e:cf:dc:81:0a:c9:17:fa:33:8b",
            "id": "liorm-tf-key_rsa",
            "key_name": "liorm-tf-key_rsa",
            "key_name_prefix": "",
            "key_pair_id": "key-0e8de005ea04cdb9a",
            "key_type": "rsa",
            "public_key": "ssh-rsa AAAAB3NzaC1yc2EAAAADAQABAAACAQCma5oAPc4GbQX5YH+lvdY6uRR3N+u3b00HPzNr8sBea3/BiSQ77jq9CIBqmXUD5aaXtUbci5JQnk0k1oXDT0PNbvaATHG1RMJJcxoqC4aRsXLNulCY7ASpNV+njy19vu1B6pb8BSWt9Zuow34a5gjlyz/qnEwScOZjng8FT3VeVD5UidFNey1aqJndMvUTmKidVLQqN++UBG5VAERxl52hPFkYK2wlqk5XCewaTohiikNolVbYnUF188yqeccTybOqoSq3cuJhox8pdzb5TaPAkvmTcdyXvZfYh8+L71gkmqLs9wrOcGhKgGUgKNDWSIoCyY2eT1wwb7SP+vQWGF8CS80gJFACdHbhyAS0M4M9zp13uqTdyXCtzZ3UcLzQl4iT5aijyTWBLBjRktt/WjZ001pVEomIb8fI7yiibsoDbZEAexp2lX9HzA10qqpIvwJC8wPb0P5Xnbf0zs8TRNssrq5OOFogywqTab4yI17vro6dTJ9mrQHSPqCzx1TdXiRD7CfTQDVAECE6+pMD8DXHQa3XlGPZiJMMZ6ijNghuhLTqYBldsCcG+yuO9hcKWRTYwIlL1zev2ozVoU9IFG92dE2UAVolraz2cpUWPLGOvqnxy/KqdGB4rgKOMM7/RDXXTFEuEfCexAnkBw4snZGJJEz3eJnfQGaA9D2m2c9eHQ== liormilliger@lior-Lenovo-Desktop",
            "tags": null,
            "tags_all": {
              "Owner": "liorm",
              "bootcamp": "19",
              "expiration_date": "01-01-2025"
            }
          },
          "sensitive_attributes": [],
          "private": "eyJzY2hlbWFfdmVyc2lvbiI6IjEifQ=="
        }
      ]
    },
    {
      "module": "module.compute",
      "mode": "managed",
      "type": "aws_lb",
      "name": "liorm-TF",
      "provider": "provider[\"registry.terraform.io/hashicorp/aws\"]",
      "instances": [
        {
          "schema_version": 0,
          "attributes": {
            "access_logs": [
              {
                "bucket": "",
                "enabled": false,
                "prefix": ""
              }
            ],
            "arn": "arn:aws:elasticloadbalancing:us-east-1:644435390668:loadbalancer/app/liorm-TF/99eff6fac598513b",
            "arn_suffix": "app/liorm-TF/99eff6fac598513b",
            "customer_owned_ipv4_pool": "",
            "desync_mitigation_mode": "defensive",
            "dns_name": "liorm-TF-211847859.us-east-1.elb.amazonaws.com",
            "drop_invalid_header_fields": false,
            "enable_cross_zone_load_balancing": true,
            "enable_deletion_protection": false,
            "enable_http2": true,
            "enable_tls_version_and_cipher_suite_headers": false,
            "enable_waf_fail_open": false,
            "enable_xff_client_port": false,
            "id": "arn:aws:elasticloadbalancing:us-east-1:644435390668:loadbalancer/app/liorm-TF/99eff6fac598513b",
            "idle_timeout": 60,
            "internal": false,
            "ip_address_type": "ipv4",
            "load_balancer_type": "application",
            "name": "liorm-TF",
            "name_prefix": null,
            "preserve_host_header": false,
            "security_groups": [
              "sg-0f563b25374fdabc0"
            ],
            "subnet_mapping": [
              {
                "allocation_id": "",
                "ipv6_address": "",
                "outpost_id": "",
                "private_ipv4_address": "",
                "subnet_id": "subnet-057c8aa3e1e2050ce"
              },
              {
                "allocation_id": "",
                "ipv6_address": "",
                "outpost_id": "",
                "private_ipv4_address": "",
                "subnet_id": "subnet-0a029b62be98c452a"
              }
            ],
            "subnets": [
              "subnet-057c8aa3e1e2050ce",
              "subnet-0a029b62be98c452a"
            ],
            "tags": {
              "AutoTag_CreateTime": "2023-09-20T07:18:40Z",
              "AutoTag_Creator": "liorm",
              "Name": "Project-DIR-liorm"
            },
            "tags_all": {
              "AutoTag_CreateTime": "2023-09-20T07:18:40Z",
              "AutoTag_Creator": "liorm",
              "Name": "Project-DIR-liorm",
              "Owner": "liorm",
              "bootcamp": "19",
              "expiration_date": "01-01-2025"
            },
            "timeouts": null,
            "vpc_id": "vpc-0c66ff40a58cbe9a6",
            "xff_header_processing_mode": "append",
            "zone_id": "Z35SXDOTRQ7X7K"
          },
          "sensitive_attributes": [],
          "private": "eyJlMmJmYjczMC1lY2FhLTExZTYtOGY4OC0zNDM2M2JjN2M0YzAiOnsiY3JlYXRlIjo2MDAwMDAwMDAwMDAsImRlbGV0ZSI6NjAwMDAwMDAwMDAwLCJ1cGRhdGUiOjYwMDAwMDAwMDAwMH19",
          "dependencies": [
            "module.network.aws_security_group.liorm-TF-SG",
            "module.network.aws_subnet.liorm-us-east-1a",
            "module.network.aws_subnet.liorm-us-east-1b",
            "module.network.aws_vpc.liorm-TF"
          ]
        }
      ]
    },
    {
      "module": "module.compute",
      "mode": "managed",
      "type": "aws_lb_listener",
      "name": "front_end",
      "provider": "provider[\"registry.terraform.io/hashicorp/aws\"]",
      "instances": [
        {
          "schema_version": 0,
          "attributes": {
            "alpn_policy": null,
            "arn": "arn:aws:elasticloadbalancing:us-east-1:644435390668:listener/app/liorm-TF/99eff6fac598513b/bdd595c7401769b6",
            "certificate_arn": null,
            "default_action": [
              {
                "authenticate_cognito": [],
                "authenticate_oidc": [],
                "fixed_response": [],
                "forward": [],
                "order": 1,
                "redirect": [],
                "target_group_arn": "arn:aws:elasticloadbalancing:us-east-1:644435390668:targetgroup/Project-DIR-liorm/099da716a80c5945",
                "type": "forward"
              }
            ],
            "id": "arn:aws:elasticloadbalancing:us-east-1:644435390668:listener/app/liorm-TF/99eff6fac598513b/bdd595c7401769b6",
            "load_balancer_arn": "arn:aws:elasticloadbalancing:us-east-1:644435390668:loadbalancer/app/liorm-TF/99eff6fac598513b",
            "port": 80,
            "protocol": "HTTP",
            "ssl_policy": "",
            "tags": null,
            "tags_all": {
              "Owner": "liorm",
              "bootcamp": "19",
              "expiration_date": "01-01-2025"
            },
            "timeouts": null
          },
          "sensitive_attributes": [],
          "private": "eyJlMmJmYjczMC1lY2FhLTExZTYtOGY4OC0zNDM2M2JjN2M0YzAiOnsicmVhZCI6NjAwMDAwMDAwMDAwfX0=",
          "dependencies": [
            "module.compute.aws_lb.liorm-TF",
            "module.compute.aws_lb_target_group.liorm-TF",
            "module.network.aws_security_group.liorm-TF-SG",
            "module.network.aws_subnet.liorm-us-east-1a",
            "module.network.aws_subnet.liorm-us-east-1b",
            "module.network.aws_vpc.liorm-TF"
          ]
        }
      ]
    },
    {
      "module": "module.compute",
      "mode": "managed",
      "type": "aws_lb_target_group",
      "name": "liorm-TF",
      "provider": "provider[\"registry.terraform.io/hashicorp/aws\"]",
      "instances": [
        {
          "schema_version": 0,
          "attributes": {
            "arn": "arn:aws:elasticloadbalancing:us-east-1:644435390668:targetgroup/Project-DIR-liorm/099da716a80c5945",
            "arn_suffix": "targetgroup/Project-DIR-liorm/099da716a80c5945",
            "connection_termination": false,
            "deregistration_delay": "300",
            "health_check": [
              {
                "enabled": true,
                "healthy_threshold": 5,
                "interval": 30,
                "matcher": "200",
                "path": "/",
                "port": "traffic-port",
                "protocol": "HTTP",
                "timeout": 5,
                "unhealthy_threshold": 2
              }
            ],
            "id": "arn:aws:elasticloadbalancing:us-east-1:644435390668:targetgroup/Project-DIR-liorm/099da716a80c5945",
            "ip_address_type": "ipv4",
            "lambda_multi_value_headers_enabled": false,
            "load_balancing_algorithm_type": "round_robin",
            "load_balancing_cross_zone_enabled": "use_load_balancer_configuration",
            "name": "Project-DIR-liorm",
            "name_prefix": null,
            "port": 80,
            "preserve_client_ip": null,
            "protocol": "HTTP",
            "protocol_version": "HTTP1",
            "proxy_protocol_v2": false,
            "slow_start": 0,
            "stickiness": [
              {
                "cookie_duration": 86400,
                "cookie_name": "",
                "enabled": false,
                "type": "lb_cookie"
              }
            ],
            "tags": null,
            "tags_all": {
              "Owner": "liorm",
              "bootcamp": "19",
              "expiration_date": "01-01-2025"
            },
            "target_failover": [
              {
                "on_deregistration": null,
                "on_unhealthy": null
              }
            ],
            "target_type": "instance",
            "vpc_id": "vpc-0c66ff40a58cbe9a6"
          },
          "sensitive_attributes": [],
          "private": "bnVsbA==",
          "dependencies": [
            "module.network.aws_vpc.liorm-TF"
          ]
        }
      ]
    },
    {
      "module": "module.compute",
      "mode": "managed",
      "type": "aws_lb_target_group_attachment",
      "name": "liorm-tg-attach-1a",
      "provider": "provider[\"registry.terraform.io/hashicorp/aws\"]",
      "instances": [
        {
          "index_key": 0,
          "schema_version": 0,
          "attributes": {
            "availability_zone": null,
            "id": "arn:aws:elasticloadbalancing:us-east-1:644435390668:targetgroup/Project-DIR-liorm/099da716a80c5945-20230920071853766100000006",
            "port": 80,
            "target_group_arn": "arn:aws:elasticloadbalancing:us-east-1:644435390668:targetgroup/Project-DIR-liorm/099da716a80c5945",
            "target_id": "i-0a87abc50ff287829"
          },
          "sensitive_attributes": [],
          "private": "bnVsbA==",
          "dependencies": [
            "module.compute.aws_instance.liorm-EC2-1a",
            "module.compute.aws_key_pair.liorm-tf-key_rsa",
            "module.compute.aws_lb_target_group.liorm-TF",
            "module.network.aws_security_group.liorm-TF-SG",
            "module.network.aws_subnet.liorm-us-east-1a",
            "module.network.aws_vpc.liorm-TF"
          ]
        },
        {
          "index_key": 1,
          "schema_version": 0,
          "attributes": {
            "availability_zone": null,
            "id": "arn:aws:elasticloadbalancing:us-east-1:644435390668:targetgroup/Project-DIR-liorm/099da716a80c5945-20230920071853493700000005",
            "port": 80,
            "target_group_arn": "arn:aws:elasticloadbalancing:us-east-1:644435390668:targetgroup/Project-DIR-liorm/099da716a80c5945",
            "target_id": "i-0040a90aed3d011da"
          },
          "sensitive_attributes": [],
          "private": "bnVsbA==",
          "dependencies": [
            "module.compute.aws_instance.liorm-EC2-1a",
            "module.compute.aws_key_pair.liorm-tf-key_rsa",
            "module.compute.aws_lb_target_group.liorm-TF",
            "module.network.aws_security_group.liorm-TF-SG",
            "module.network.aws_subnet.liorm-us-east-1a",
            "module.network.aws_vpc.liorm-TF"
          ]
        }
      ]
    },
    {
      "module": "module.compute",
      "mode": "managed",
      "type": "aws_lb_target_group_attachment",
      "name": "liorm-tg-attach-1b",
      "provider": "provider[\"registry.terraform.io/hashicorp/aws\"]",
      "instances": [
        {
          "index_key": 0,
          "schema_version": 0,
          "attributes": {
            "availability_zone": null,
            "id": "arn:aws:elasticloadbalancing:us-east-1:644435390668:targetgroup/Project-DIR-liorm/099da716a80c5945-20230920071853922200000007",
            "port": 80,
            "target_group_arn": "arn:aws:elasticloadbalancing:us-east-1:644435390668:targetgroup/Project-DIR-liorm/099da716a80c5945",
            "target_id": "i-0a4e33c618c6ccb3e"
          },
          "sensitive_attributes": [],
          "private": "bnVsbA==",
          "dependencies": [
            "module.compute.aws_instance.liorm-EC2-1b",
            "module.compute.aws_key_pair.liorm-tf-key_rsa",
            "module.compute.aws_lb_target_group.liorm-TF",
            "module.network.aws_security_group.liorm-TF-SG",
            "module.network.aws_subnet.liorm-us-east-1b",
            "module.network.aws_vpc.liorm-TF"
          ]
        },
        {
          "index_key": 1,
          "schema_version": 0,
          "attributes": {
            "availability_zone": null,
            "id": "arn:aws:elasticloadbalancing:us-east-1:644435390668:targetgroup/Project-DIR-liorm/099da716a80c5945-20230920071854061400000008",
            "port": 80,
            "target_group_arn": "arn:aws:elasticloadbalancing:us-east-1:644435390668:targetgroup/Project-DIR-liorm/099da716a80c5945",
            "target_id": "i-07c11668d3a88e80b"
          },
          "sensitive_attributes": [],
          "private": "bnVsbA==",
          "dependencies": [
            "module.compute.aws_instance.liorm-EC2-1b",
            "module.compute.aws_key_pair.liorm-tf-key_rsa",
            "module.compute.aws_lb_target_group.liorm-TF",
            "module.network.aws_security_group.liorm-TF-SG",
            "module.network.aws_subnet.liorm-us-east-1b",
            "module.network.aws_vpc.liorm-TF"
          ]
        }
      ]
    },
    {
      "module": "module.network",
      "mode": "managed",
      "type": "aws_internet_gateway",
      "name": "liorm-TF",
      "provider": "provider[\"registry.terraform.io/hashicorp/aws\"]",
      "instances": [
        {
          "schema_version": 0,
          "attributes": {
            "arn": "arn:aws:ec2:us-east-1:644435390668:internet-gateway/igw-0731b74e4458fd8ca",
            "id": "igw-0731b74e4458fd8ca",
            "owner_id": "644435390668",
            "tags": {
              "Name": "liorm-TF"
            },
            "tags_all": {
              "Name": "liorm-TF",
              "Owner": "liorm",
              "bootcamp": "19",
              "expiration_date": "01-01-2025"
            },
            "timeouts": null,
            "vpc_id": "vpc-0c66ff40a58cbe9a6"
          },
          "sensitive_attributes": [],
          "private": "eyJlMmJmYjczMC1lY2FhLTExZTYtOGY4OC0zNDM2M2JjN2M0YzAiOnsiY3JlYXRlIjoxMjAwMDAwMDAwMDAwLCJkZWxldGUiOjEyMDAwMDAwMDAwMDAsInVwZGF0ZSI6MTIwMDAwMDAwMDAwMH19",
          "dependencies": [
            "module.network.aws_vpc.liorm-TF"
          ]
        }
      ]
    },
    {
      "module": "module.network",
      "mode": "managed",
      "type": "aws_key_pair",
      "name": "liorm-tf-key",
      "provider": "provider[\"registry.terraform.io/hashicorp/aws\"]",
      "instances": [
        {
          "schema_version": 1,
          "attributes": {
            "arn": "arn:aws:ec2:us-east-1:644435390668:key-pair/liorm-tf-key",
            "fingerprint": "7b:a0:d4:fc:5f:60:6e:cf:dc:81:0a:c9:17:fa:33:8b",
            "id": "liorm-tf-key",
            "key_name": "liorm-tf-key",
            "key_name_prefix": "",
            "key_pair_id": "key-0dec6694211253e3a",
            "key_type": "rsa",
            "public_key": "ssh-rsa AAAAB3NzaC1yc2EAAAADAQABAAACAQCma5oAPc4GbQX5YH+lvdY6uRR3N+u3b00HPzNr8sBea3/BiSQ77jq9CIBqmXUD5aaXtUbci5JQnk0k1oXDT0PNbvaATHG1RMJJcxoqC4aRsXLNulCY7ASpNV+njy19vu1B6pb8BSWt9Zuow34a5gjlyz/qnEwScOZjng8FT3VeVD5UidFNey1aqJndMvUTmKidVLQqN++UBG5VAERxl52hPFkYK2wlqk5XCewaTohiikNolVbYnUF188yqeccTybOqoSq3cuJhox8pdzb5TaPAkvmTcdyXvZfYh8+L71gkmqLs9wrOcGhKgGUgKNDWSIoCyY2eT1wwb7SP+vQWGF8CS80gJFACdHbhyAS0M4M9zp13uqTdyXCtzZ3UcLzQl4iT5aijyTWBLBjRktt/WjZ001pVEomIb8fI7yiibsoDbZEAexp2lX9HzA10qqpIvwJC8wPb0P5Xnbf0zs8TRNssrq5OOFogywqTab4yI17vro6dTJ9mrQHSPqCzx1TdXiRD7CfTQDVAECE6+pMD8DXHQa3XlGPZiJMMZ6ijNghuhLTqYBldsCcG+yuO9hcKWRTYwIlL1zev2ozVoU9IFG92dE2UAVolraz2cpUWPLGOvqnxy/KqdGB4rgKOMM7/RDXXTFEuEfCexAnkBw4snZGJJEz3eJnfQGaA9D2m2c9eHQ== liormilliger@lior-Lenovo-Desktop",
            "tags": null,
            "tags_all": {
              "Owner": "liorm",
              "bootcamp": "19",
              "expiration_date": "01-01-2025"
            }
          },
          "sensitive_attributes": [],
          "private": "eyJzY2hlbWFfdmVyc2lvbiI6IjEifQ=="
        }
      ]
    },
    {
      "module": "module.network",
      "mode": "managed",
      "type": "aws_route",
      "name": "default_route",
      "provider": "provider[\"registry.terraform.io/hashicorp/aws\"]",
      "instances": [
        {
          "schema_version": 0,
          "attributes": {
            "carrier_gateway_id": "",
            "core_network_arn": "",
            "destination_cidr_block": "0.0.0.0/0",
            "destination_ipv6_cidr_block": "",
            "destination_prefix_list_id": "",
            "egress_only_gateway_id": "",
            "gateway_id": "igw-0731b74e4458fd8ca",
            "id": "r-rtb-0a6d2701667b04ed01080289494",
            "instance_id": "",
            "instance_owner_id": "",
            "local_gateway_id": "",
            "nat_gateway_id": "",
            "network_interface_id": "",
            "origin": "CreateRoute",
            "route_table_id": "rtb-0a6d2701667b04ed0",
            "state": "active",
            "timeouts": null,
            "transit_gateway_id": "",
            "vpc_endpoint_id": "",
            "vpc_peering_connection_id": ""
          },
          "sensitive_attributes": [],
          "private": "eyJlMmJmYjczMC1lY2FhLTExZTYtOGY4OC0zNDM2M2JjN2M0YzAiOnsiY3JlYXRlIjozMDAwMDAwMDAwMDAsImRlbGV0ZSI6MzAwMDAwMDAwMDAwLCJ1cGRhdGUiOjEyMDAwMDAwMDAwMH19",
          "dependencies": [
            "module.network.aws_internet_gateway.liorm-TF",
            "module.network.aws_route_table.liorm-TF",
            "module.network.aws_vpc.liorm-TF"
          ]
        }
      ]
    },
    {
      "module": "module.network",
      "mode": "managed",
      "type": "aws_route_table",
      "name": "liorm-TF",
      "provider": "provider[\"registry.terraform.io/hashicorp/aws\"]",
      "instances": [
        {
          "schema_version": 0,
          "attributes": {
            "arn": "arn:aws:ec2:us-east-1:644435390668:route-table/rtb-0a6d2701667b04ed0",
            "id": "rtb-0a6d2701667b04ed0",
            "owner_id": "644435390668",
            "propagating_vgws": [],
            "route": [],
            "tags": {
              "Name": "liorm-TF"
            },
            "tags_all": {
              "Name": "liorm-TF",
              "Owner": "liorm",
              "bootcamp": "19",
              "expiration_date": "01-01-2025"
            },
            "timeouts": null,
            "vpc_id": "vpc-0c66ff40a58cbe9a6"
          },
          "sensitive_attributes": [],
          "private": "eyJlMmJmYjczMC1lY2FhLTExZTYtOGY4OC0zNDM2M2JjN2M0YzAiOnsiY3JlYXRlIjozMDAwMDAwMDAwMDAsImRlbGV0ZSI6MzAwMDAwMDAwMDAwLCJ1cGRhdGUiOjEyMDAwMDAwMDAwMH19",
          "dependencies": [
            "module.network.aws_vpc.liorm-TF"
          ]
        }
      ]
    },
    {
      "module": "module.network",
      "mode": "managed",
      "type": "aws_route_table_association",
      "name": "liorm-pub-1a",
      "provider": "provider[\"registry.terraform.io/hashicorp/aws\"]",
      "instances": [
        {
          "schema_version": 0,
          "attributes": {
            "gateway_id": "",
            "id": "rtbassoc-0bf8fe5e528725547",
            "route_table_id": "rtb-0a6d2701667b04ed0",
            "subnet_id": "subnet-0a029b62be98c452a",
            "timeouts": null
          },
          "sensitive_attributes": [],
          "private": "eyJlMmJmYjczMC1lY2FhLTExZTYtOGY4OC0zNDM2M2JjN2M0YzAiOnsiY3JlYXRlIjozMDAwMDAwMDAwMDAsImRlbGV0ZSI6MzAwMDAwMDAwMDAwLCJ1cGRhdGUiOjEyMDAwMDAwMDAwMH19",
          "dependencies": [
            "module.network.aws_route_table.liorm-TF",
            "module.network.aws_subnet.liorm-us-east-1a",
            "module.network.aws_vpc.liorm-TF"
          ]
        }
      ]
    },
    {
      "module": "module.network",
      "mode": "managed",
      "type": "aws_route_table_association",
      "name": "liorm-pub-1b",
      "provider": "provider[\"registry.terraform.io/hashicorp/aws\"]",
      "instances": [
        {
          "schema_version": 0,
          "attributes": {
            "gateway_id": "",
            "id": "rtbassoc-0e5d76500919ebb0c",
            "route_table_id": "rtb-0a6d2701667b04ed0",
            "subnet_id": "subnet-057c8aa3e1e2050ce",
            "timeouts": null
          },
          "sensitive_attributes": [],
          "private": "eyJlMmJmYjczMC1lY2FhLTExZTYtOGY4OC0zNDM2M2JjN2M0YzAiOnsiY3JlYXRlIjozMDAwMDAwMDAwMDAsImRlbGV0ZSI6MzAwMDAwMDAwMDAwLCJ1cGRhdGUiOjEyMDAwMDAwMDAwMH19",
          "dependencies": [
            "module.network.aws_route_table.liorm-TF",
            "module.network.aws_subnet.liorm-us-east-1b",
            "module.network.aws_vpc.liorm-TF"
          ]
        }
      ]
    },
    {
      "module": "module.network",
      "mode": "managed",
      "type": "aws_s3_bucket",
      "name": "liorm-test-bucket",
      "provider": "provider[\"registry.terraform.io/hashicorp/aws\"]",
      "instances": [
        {
          "schema_version": 0,
          "attributes": {
            "acceleration_status": "",
            "acl": null,
            "arn": "arn:aws:s3:::liorm-test-bucket",
            "bucket": "liorm-test-bucket",
            "bucket_domain_name": "liorm-test-bucket.s3.amazonaws.com",
            "bucket_prefix": "",
            "bucket_regional_domain_name": "liorm-test-bucket.s3.us-east-1.amazonaws.com",
            "cors_rule": [],
            "force_destroy": false,
            "grant": [
              {
                "id": "95654e2c1c223d282dd51262cb4e532b3d252afd6007e63a6fa2dc220cc588e1",
                "permissions": [
                  "FULL_CONTROL"
                ],
                "type": "CanonicalUser",
                "uri": ""
              }
            ],
            "hosted_zone_id": "Z3AQBSTGFYJSTF",
            "id": "liorm-test-bucket",
            "lifecycle_rule": [],
            "logging": [],
            "object_lock_configuration": [],
            "object_lock_enabled": false,
            "policy": "",
            "region": "us-east-1",
            "replication_configuration": [],
            "request_payer": "BucketOwner",
            "server_side_encryption_configuration": [
              {
                "rule": [
                  {
                    "apply_server_side_encryption_by_default": [
                      {
                        "kms_master_key_id": "",
                        "sse_algorithm": "AES256"
                      }
                    ],
                    "bucket_key_enabled": false
                  }
                ]
              }
            ],
            "tags": {
              "AutoTag_CreateTime": "2023-09-20T07:18:25Z",
              "AutoTag_Creator": "liorm"
            },
            "tags_all": {
              "AutoTag_CreateTime": "2023-09-20T07:18:25Z",
              "AutoTag_Creator": "liorm",
              "Owner": "liorm",
              "bootcamp": "19",
              "expiration_date": "01-01-2025"
            },
            "timeouts": null,
            "versioning": [
              {
                "enabled": false,
                "mfa_delete": false
              }
            ],
            "website": [],
            "website_domain": null,
            "website_endpoint": null
          },
          "sensitive_attributes": [],
          "private": "eyJlMmJmYjczMC1lY2FhLTExZTYtOGY4OC0zNDM2M2JjN2M0YzAiOnsiY3JlYXRlIjoxMjAwMDAwMDAwMDAwLCJkZWxldGUiOjM2MDAwMDAwMDAwMDAsInJlYWQiOjEyMDAwMDAwMDAwMDAsInVwZGF0ZSI6MTIwMDAwMDAwMDAwMH19"
        }
      ]
    },
    {
      "module": "module.network",
      "mode": "managed",
      "type": "aws_s3_bucket_ownership_controls",
      "name": "liorm-ownership",
      "provider": "provider[\"registry.terraform.io/hashicorp/aws\"]",
      "instances": [
        {
          "schema_version": 0,
          "attributes": {
            "bucket": "liorm-test-bucket",
            "id": "liorm-test-bucket",
            "rule": [
              {
                "object_ownership": "BucketOwnerPreferred"
              }
            ]
          },
          "sensitive_attributes": [],
          "private": "bnVsbA==",
          "dependencies": [
            "module.network.aws_s3_bucket.liorm-test-bucket"
          ]
        }
      ]
    },
    {
      "module": "module.network",
      "mode": "managed",
      "type": "aws_s3_bucket_versioning",
      "name": "liorm-TF",
      "provider": "provider[\"registry.terraform.io/hashicorp/aws\"]",
      "instances": [
        {
          "schema_version": 0,
          "attributes": {
            "bucket": "liorm-test-bucket",
            "expected_bucket_owner": "",
            "id": "liorm-test-bucket",
            "mfa": null,
            "versioning_configuration": [
              {
                "mfa_delete": "",
                "status": "Enabled"
              }
            ]
          },
          "sensitive_attributes": [],
          "private": "bnVsbA==",
          "dependencies": [
            "module.network.aws_s3_bucket.liorm-test-bucket"
          ]
        }
      ]
    },
    {
      "module": "module.network",
      "mode": "managed",
      "type": "aws_s3_object",
      "name": "object",
      "provider": "provider[\"registry.terraform.io/hashicorp/aws\"]",
      "instances": [
        {
          "schema_version": 0,
          "attributes": {
            "acl": null,
            "bucket": "liorm-test-bucket",
            "bucket_key_enabled": false,
            "cache_control": "",
            "checksum_algorithm": null,
            "checksum_crc32": "",
            "checksum_crc32c": "",
            "checksum_sha1": "",
            "checksum_sha256": "",
            "content": null,
            "content_base64": null,
            "content_disposition": "",
            "content_encoding": "",
            "content_language": "",
            "content_type": "application/octet-stream",
            "etag": "d41d8cd98f00b204e9800998ecf8427e",
            "force_destroy": false,
            "id": "data/terraform.tfstate",
            "key": "data/terraform.tfstate",
            "kms_key_id": null,
            "metadata": null,
            "object_lock_legal_hold_status": "",
            "object_lock_mode": "",
            "object_lock_retain_until_date": "",
            "server_side_encryption": "AES256",
            "source": null,
            "source_hash": null,
            "storage_class": "STANDARD",
            "tags": null,
            "tags_all": {
              "Owner": "liorm",
              "bootcamp": "19",
              "expiration_date": "01-01-2025"
            },
            "version_id": "9ppjy_AQRGlu.Y4UZtJMMRhTxVPkCf_j",
            "website_redirect": ""
          },
          "sensitive_attributes": [],
          "private": "bnVsbA==",
          "dependencies": [
            "module.network.aws_s3_bucket.liorm-test-bucket"
          ]
        }
      ]
    },
    {
      "module": "module.network",
      "mode": "managed",
      "type": "aws_security_group",
      "name": "liorm-TF-SG",
      "provider": "provider[\"registry.terraform.io/hashicorp/aws\"]",
      "instances": [
        {
          "schema_version": 1,
          "attributes": {
            "arn": "arn:aws:ec2:us-east-1:644435390668:security-group/sg-0f563b25374fdabc0",
            "description": "Allow incoming HTTP traffic from your IP",
            "egress": [
              {
                "cidr_blocks": [
                  "0.0.0.0/0"
                ],
                "description": "",
                "from_port": 0,
                "ipv6_cidr_blocks": [],
                "prefix_list_ids": [],
                "protocol": "-1",
                "security_groups": [],
                "self": false,
                "to_port": 0
              }
            ],
            "id": "sg-0f563b25374fdabc0",
            "ingress": [
              {
                "cidr_blocks": [
                  "0.0.0.0/0"
                ],
                "description": "",
                "from_port": 443,
                "ipv6_cidr_blocks": [],
                "prefix_list_ids": [],
                "protocol": "tcp",
                "security_groups": [],
                "self": false,
                "to_port": 443
              },
              {
                "cidr_blocks": [
                  "0.0.0.0/0"
                ],
                "description": "",
                "from_port": 80,
                "ipv6_cidr_blocks": [],
                "prefix_list_ids": [],
                "protocol": "tcp",
                "security_groups": [],
                "self": false,
                "to_port": 80
              },
              {
                "cidr_blocks": [
                  "147.235.208.237/32",
                  "89.138.129.95/32"
                ],
                "description": "",
                "from_port": 22,
                "ipv6_cidr_blocks": [],
                "prefix_list_ids": [],
                "protocol": "tcp",
                "security_groups": [],
                "self": false,
                "to_port": 22
              }
            ],
            "name": "liorm-TF-SG",
            "name_prefix": "",
            "owner_id": "644435390668",
            "revoke_rules_on_delete": false,
            "tags": null,
            "tags_all": {
              "Owner": "liorm",
              "bootcamp": "19",
              "expiration_date": "01-01-2025"
            },
            "timeouts": null,
            "vpc_id": "vpc-0c66ff40a58cbe9a6"
          },
          "sensitive_attributes": [],
          "private": "eyJlMmJmYjczMC1lY2FhLTExZTYtOGY4OC0zNDM2M2JjN2M0YzAiOnsiY3JlYXRlIjo2MDAwMDAwMDAwMDAsImRlbGV0ZSI6OTAwMDAwMDAwMDAwfSwic2NoZW1hX3ZlcnNpb24iOiIxIn0=",
          "dependencies": [
            "module.network.aws_vpc.liorm-TF"
          ]
        }
      ]
    },
    {
      "module": "module.network",
      "mode": "managed",
      "type": "aws_subnet",
      "name": "liorm-us-east-1a",
      "provider": "provider[\"registry.terraform.io/hashicorp/aws\"]",
      "instances": [
        {
          "schema_version": 1,
          "attributes": {
            "arn": "arn:aws:ec2:us-east-1:644435390668:subnet/subnet-0a029b62be98c452a",
            "assign_ipv6_address_on_creation": false,
            "availability_zone": "us-east-1a",
            "availability_zone_id": "use1-az2",
            "cidr_block": "10.0.1.0/24",
            "customer_owned_ipv4_pool": "",
            "enable_dns64": false,
            "enable_lni_at_device_index": 0,
            "enable_resource_name_dns_a_record_on_launch": false,
            "enable_resource_name_dns_aaaa_record_on_launch": false,
            "id": "subnet-0a029b62be98c452a",
            "ipv6_cidr_block": "",
            "ipv6_cidr_block_association_id": "",
            "ipv6_native": false,
            "map_customer_owned_ip_on_launch": false,
            "map_public_ip_on_launch": true,
            "outpost_arn": "",
            "owner_id": "644435390668",
            "private_dns_hostname_type_on_launch": "ip-name",
            "tags": {
              "AutoTag_CreateTime": "2023-09-20T07:18:27Z",
              "AutoTag_Creator": "liorm",
              "Name": "liorm-us-east-1a"
            },
            "tags_all": {
              "AutoTag_CreateTime": "2023-09-20T07:18:27Z",
              "AutoTag_Creator": "liorm",
              "Name": "liorm-us-east-1a",
              "Owner": "liorm",
              "bootcamp": "19",
              "expiration_date": "01-01-2025"
            },
            "timeouts": null,
            "vpc_id": "vpc-0c66ff40a58cbe9a6"
          },
          "sensitive_attributes": [],
          "private": "eyJlMmJmYjczMC1lY2FhLTExZTYtOGY4OC0zNDM2M2JjN2M0YzAiOnsiY3JlYXRlIjo2MDAwMDAwMDAwMDAsImRlbGV0ZSI6MTIwMDAwMDAwMDAwMH0sInNjaGVtYV92ZXJzaW9uIjoiMSJ9",
          "dependencies": [
            "module.network.aws_vpc.liorm-TF"
          ]
        }
      ]
    },
    {
      "module": "module.network",
      "mode": "managed",
      "type": "aws_subnet",
      "name": "liorm-us-east-1b",
      "provider": "provider[\"registry.terraform.io/hashicorp/aws\"]",
      "instances": [
        {
          "schema_version": 1,
          "attributes": {
            "arn": "arn:aws:ec2:us-east-1:644435390668:subnet/subnet-057c8aa3e1e2050ce",
            "assign_ipv6_address_on_creation": false,
            "availability_zone": "us-east-1b",
            "availability_zone_id": "use1-az4",
            "cidr_block": "10.0.2.0/24",
            "customer_owned_ipv4_pool": "",
            "enable_dns64": false,
            "enable_lni_at_device_index": 0,
            "enable_resource_name_dns_a_record_on_launch": false,
            "enable_resource_name_dns_aaaa_record_on_launch": false,
            "id": "subnet-057c8aa3e1e2050ce",
            "ipv6_cidr_block": "",
            "ipv6_cidr_block_association_id": "",
            "ipv6_native": false,
            "map_customer_owned_ip_on_launch": false,
            "map_public_ip_on_launch": true,
            "outpost_arn": "",
            "owner_id": "644435390668",
            "private_dns_hostname_type_on_launch": "ip-name",
            "tags": {
              "AutoTag_CreateTime": "2023-09-20T07:18:27Z",
              "AutoTag_Creator": "liorm",
              "Name": "liorm-us-east-1b"
            },
            "tags_all": {
              "AutoTag_CreateTime": "2023-09-20T07:18:27Z",
              "AutoTag_Creator": "liorm",
              "Name": "liorm-us-east-1b",
              "Owner": "liorm",
              "bootcamp": "19",
              "expiration_date": "01-01-2025"
            },
            "timeouts": null,
            "vpc_id": "vpc-0c66ff40a58cbe9a6"
          },
          "sensitive_attributes": [],
          "private": "eyJlMmJmYjczMC1lY2FhLTExZTYtOGY4OC0zNDM2M2JjN2M0YzAiOnsiY3JlYXRlIjo2MDAwMDAwMDAwMDAsImRlbGV0ZSI6MTIwMDAwMDAwMDAwMH0sInNjaGVtYV92ZXJzaW9uIjoiMSJ9",
          "dependencies": [
            "module.network.aws_vpc.liorm-TF"
          ]
        }
      ]
    },
    {
      "module": "module.network",
      "mode": "managed",
      "type": "aws_vpc",
      "name": "liorm-TF",
      "provider": "provider[\"registry.terraform.io/hashicorp/aws\"]",
      "instances": [
        {
          "schema_version": 1,
          "attributes": {
            "arn": "arn:aws:ec2:us-east-1:644435390668:vpc/vpc-0c66ff40a58cbe9a6",
            "assign_generated_ipv6_cidr_block": false,
            "cidr_block": "10.0.0.0/16",
            "default_network_acl_id": "acl-01d604b30ad812eaa",
            "default_route_table_id": "rtb-0141e53b6b861ddcc",
            "default_security_group_id": "sg-0d093e54deb7736cf",
            "dhcp_options_id": "dopt-32015149",
            "enable_dns_hostnames": false,
            "enable_dns_support": true,
            "enable_network_address_usage_metrics": false,
            "id": "vpc-0c66ff40a58cbe9a6",
            "instance_tenancy": "default",
            "ipv4_ipam_pool_id": null,
            "ipv4_netmask_length": null,
            "ipv6_association_id": "",
            "ipv6_cidr_block": "",
            "ipv6_cidr_block_network_border_group": "",
            "ipv6_ipam_pool_id": "",
            "ipv6_netmask_length": 0,
            "main_route_table_id": "rtb-0141e53b6b861ddcc",
            "owner_id": "644435390668",
            "tags": {
              "Name": "liorm-TF-easy"
            },
            "tags_all": {
              "Name": "liorm-TF-easy",
              "Owner": "liorm",
              "bootcamp": "19",
              "expiration_date": "01-01-2025"
            }
          },
          "sensitive_attributes": [],
          "private": "eyJzY2hlbWFfdmVyc2lvbiI6IjEifQ=="
        }
      ]
    }
  ],
  "check_results": null
}
